{
  "nodes": {
    "flake-parts": {
      "inputs": {
        "nixpkgs-lib": [
          "nixpkgs"
        ]
      },
      "locked": {
        "lastModified": 1782949081,
        "narHash": "sha256-vp6Y/Grm98ESt6ceOkWiHWyZRDV3J1RID4w+6NWK9yA=",
        "owner": "hercules-ci",
        "repo": "flake-parts",
        "rev": "17c9d6cdfc60c64f4ee8d306f9bc0b4ccb51481e",
        "type": "github"
      },
      "original": {
        "owner": "hercules-ci",
        "repo": "flake-parts",
        "type": "github"
      }
    },
    "go-branded-id": {
      "flake": false,
      "locked": {
        "lastModified": 1784353002,
        "narHash": "sha256-I8WrXJ5ij1d/zJjz7AqU4to4aE8cNk5kJKGVBElHy/s=",
        "ref": "master",
        "rev": "2c052b17cdfc809a6c480f93666e41bad4d5c9c8",
        "revCount": 83,
        "type": "git",
        "url": "ssh://git@github.com/LarsArtmann/go-branded-id"
      },
      "original": {
        "ref": "master",
        "type": "git",
        "url": "ssh://git@github.com/LarsArtmann/go-branded-id"
      }
    },
    "go-cqrs-lite": {
      "flake": false,
      "locked": {
        "lastModified": 1784784407,
        "narHash": "sha256-L8lSYsF3FdsRJ+OADckzp4T397Sc0MUSaI3VIAXED40=",
        "ref": "master",
        "rev": "9b481b2f35d13dba4989270427fa4d740409972f",
        "revCount": 3105,
        "type": "git",
        "url": "ssh://git@github.com/LarsArtmann/go-cqrs-lite"
      },
      "original": {
        "ref": "master",
        "type": "git",
        "url": "ssh://git@github.com/LarsArtmann/go-cqrs-lite"
      }
    },
    "go-error-family": {
      "flake": false,
      "locked": {
        "lastModified": 1784788926,
        "narHash": "sha256-IwJfRNuR/xEWswy5CY9tXSp2zY7I9ed04mpGZU2obfY=",
        "ref": "master",
        "rev": "ff3e380f1fbd592aa924a1582f1d67bdd1477deb",
        "revCount": 185,
        "type": "git",
        "url": "ssh://git@github.com/LarsArtmann/go-error-family"
      },
      "original": {
        "ref": "master",
        "type": "git",
        "url": "ssh://git@github.com/LarsArtmann/go-error-family"
      }
    },
    "go-nix-helpers": {
      "flake": false,
      "locked": {
        "lastModified": 1784792756,
        "narHash": "sha256-BVfdBN2fk+RjtG8jMHrnMBNYhtxIqExw9zBKKB+RdlM=",
        "ref": "master",
        "rev": "91fa823a82983fc309504cae427b848a59867f78",
        "revCount": 36,
        "type": "git",
        "url": "ssh://git@github.com/LarsArtmann/go-nix-helpers"
      },
      "original": {
        "ref": "master",
        "type": "git",
        "url": "ssh://git@github.com/LarsArtmann/go-nix-helpers"
      }
    },
    "nixpkgs": {
      "locked": {
        "lastModified": 1784497964,
        "narHash": "sha256-vlHUuqAcbcH2RKmHbPiuQzbv1pnzzavXnI62RD0bqCU=",
        "owner": "NixOS",
        "repo": "nixpkgs",
        "rev": "241313f4e8e508cb9b13278c2b0fa25b9ca27163",
        "type": "github"
      },
      "original": {
        "owner": "NixOS",
        "ref": "nixos-unstable",
        "repo": "nixpkgs",
        "type": "github"
      }
    },
    "root": {
      "inputs": {
        "flake-parts": "flake-parts",
        "go-branded-id": "go-branded-id",
        "go-cqrs-lite": "go-cqrs-lite",
        "go-error-family": "go-error-family",
        "go-nix-helpers": "go-nix-helpers",
        "nixpkgs": "nixpkgs",
        "systems": "systems",
        "treefmt-nix": "treefmt-nix"
      }
    },
    "systems": {
      "locked": {
        "lastModified": 1681028828,
        "narHash": "sha256-Vy1rq5AaRuLzOxct8nz4T6wlgyUR7zLU309k9mBC768=",
        "owner": "nix-systems",
        "repo": "default",
        "rev": "da67096a3b9bf56a91d16901293e51ba5b49a27e",
        "type": "github"
      },
      "original": {
        "owner": "nix-systems",
        "repo": "default",
        "type": "github"
      }
    },
    "treefmt-nix": {
      "inputs": {
        "nixpkgs": [
          "nixpkgs"
        ]
      },
      "locked": {
        "lastModified": 1784369104,
        "narHash": "sha256-47cxbcZODibHv3rELFQ9vZly0vUNkND/atn/U7HLeb0=",
        "owner": "numtide",
        "repo": "treefmt-nix",
        "rev": "df3c0640565d04a0261253cdd89fce78ec50168a",
        "type": "github"
      },
      "original": {
        "owner": "numtide",
        "repo": "treefmt-nix",
        "type": "github"
      }
    }
  },
  "root": "root",
  "version": 7
}
