{
  "nodes": {
    "flake-parts": {
      "inputs": {
        "nixpkgs-lib": [
          "nixpkgs"
        ]
      },
      "locked": {
        "lastModified": 1782949081,
        "narHash": "sha256-vp6Y/Grm98ESt6ceOkWiHWyZRDV3J1RID4w+6NWK9yA=",
        "owner": "hercules-ci",
        "repo": "flake-parts",
        "rev": "17c9d6cdfc60c64f4ee8d306f9bc0b4ccb51481e",
        "type": "github"
      },
      "original": {
        "owner": "hercules-ci",
        "repo": "flake-parts",
        "type": "github"
      }
    },
    "go-branded-id": {
      "flake": false,
      "locked": {
        "lastModified": 1785273885,
        "narHash": "sha256-om+DUNW7IzN95Y8xMj6zvP8TQ1yawlIHmODDVhWYDpQ=",
        "ref": "master",
        "rev": "bc00089bd00bd0a47203bf7fa1237906196a2b83",
        "revCount": 155,
        "type": "git",
        "url": "ssh://git@github.com/LarsArtmann/go-branded-id"
      },
      "original": {
        "ref": "master",
        "type": "git",
        "url": "ssh://git@github.com/LarsArtmann/go-branded-id"
      }
    },
    "go-cqrs-lite": {
      "flake": false,
      "locked": {
        "lastModified": 1785334397,
        "narHash": "sha256-mu98RD1L+VAIDeiByNObjnmR7K+JjUCsyiXMXub87io=",
        "ref": "master",
        "rev": "1423e1abc1a30f7ce137f5863d7dba2de32c999b",
        "revCount": 3892,
        "type": "git",
        "url": "ssh://git@github.com/LarsArtmann/go-cqrs-lite"
      },
      "original": {
        "ref": "master",
        "type": "git",
        "url": "ssh://git@github.com/LarsArtmann/go-cqrs-lite"
      }
    },
    "go-error-family": {
      "flake": false,
      "locked": {
        "lastModified": 1785232841,
        "narHash": "sha256-uhHsRz66sc5pKQbnaLtnbqaz+AmQDoEZv+fNTJ5eUlU=",
        "ref": "master",
        "rev": "33ed468a03f93f8189c709c6f63e0d49ef27e362",
        "revCount": 270,
        "type": "git",
        "url": "ssh://git@github.com/LarsArtmann/go-error-family"
      },
      "original": {
        "ref": "master",
        "type": "git",
        "url": "ssh://git@github.com/LarsArtmann/go-error-family"
      }
    },
    "go-nix-helpers": {
      "flake": false,
      "locked": {
        "lastModified": 1784927198,
        "narHash": "sha256-TF/8f6z9xKBpAPj+/CkThvr2Xt1ddUNydeGqHei9S+k=",
        "ref": "master",
        "rev": "7e7e0bfa2f250abecdba2fbb42b57e3f08e8b9e5",
        "revCount": 68,
        "type": "git",
        "url": "ssh://git@github.com/LarsArtmann/go-nix-helpers"
      },
      "original": {
        "ref": "master",
        "type": "git",
        "url": "ssh://git@github.com/LarsArtmann/go-nix-helpers"
      }
    },
    "nixpkgs": {
      "locked": {
        "lastModified": 1785090369,
        "narHash": "sha256-m0pDuRJG7EDo9ri+4Ksu83VsI+PlxNC9lNBfydejce4=",
        "owner": "NixOS",
        "repo": "nixpkgs",
        "rev": "624af665418d3c65d544145b4d34ad696439570e",
        "type": "github"
      },
      "original": {
        "owner": "NixOS",
        "ref": "nixos-unstable",
        "repo": "nixpkgs",
        "type": "github"
      }
    },
    "root": {
      "inputs": {
        "flake-parts": "flake-parts",
        "go-branded-id": "go-branded-id",
        "go-cqrs-lite": "go-cqrs-lite",
        "go-error-family": "go-error-family",
        "go-nix-helpers": "go-nix-helpers",
        "nixpkgs": "nixpkgs",
        "systems": "systems",
        "treefmt-nix": "treefmt-nix"
      }
    },
    "systems": {
      "locked": {
        "lastModified": 1681028828,
        "narHash": "sha256-Vy1rq5AaRuLzOxct8nz4T6wlgyUR7zLU309k9mBC768=",
        "owner": "nix-systems",
        "repo": "default",
        "rev": "da67096a3b9bf56a91d16901293e51ba5b49a27e",
        "type": "github"
      },
      "original": {
        "owner": "nix-systems",
        "repo": "default",
        "type": "github"
      }
    },
    "treefmt-nix": {
      "inputs": {
        "nixpkgs": [
          "nixpkgs"
        ]
      },
      "locked": {
        "lastModified": 1784369104,
        "narHash": "sha256-47cxbcZODibHv3rELFQ9vZly0vUNkND/atn/U7HLeb0=",
        "owner": "numtide",
        "repo": "treefmt-nix",
        "rev": "df3c0640565d04a0261253cdd89fce78ec50168a",
        "type": "github"
      },
      "original": {
        "owner": "numtide",
        "repo": "treefmt-nix",
        "type": "github"
      }
    }
  },
  "root": "root",
  "version": 7
}
