{
  "nodes": {
    "flake-parts": {
      "inputs": {
        "nixpkgs-lib": [
          "nixpkgs"
        ]
      },
      "locked": {
        "lastModified": 1785627969,
        "narHash": "sha256-4dtXQk/NMePegK/nWp5NSeuZKLATItOq61lpEvmXqGw=",
        "owner": "hercules-ci",
        "repo": "flake-parts",
        "rev": "427bf4bd9435fdf21321c8cc628c24efc14c0f7a",
        "type": "github"
      },
      "original": {
        "owner": "hercules-ci",
        "repo": "flake-parts",
        "type": "github"
      }
    },
    "flake-parts_2": {
      "inputs": {
        "nixpkgs-lib": [
          "go-nix-helpers",
          "nixpkgs"
        ]
      },
      "locked": {
        "lastModified": 1785627969,
        "narHash": "sha256-4dtXQk/NMePegK/nWp5NSeuZKLATItOq61lpEvmXqGw=",
        "owner": "hercules-ci",
        "repo": "flake-parts",
        "rev": "427bf4bd9435fdf21321c8cc628c24efc14c0f7a",
        "type": "github"
      },
      "original": {
        "owner": "hercules-ci",
        "repo": "flake-parts",
        "type": "github"
      }
    },
    "go-branded-id": {
      "flake": false,
      "locked": {
        "lastModified": 1785680375,
        "narHash": "sha256-MUIMs8RPX8QdpW5Vnn+2M9q8FEa0Q2Pcfa81fSWJINc=",
        "ref": "master",
        "rev": "8518bfb35db7f2950f3d91cd4840e4df6eebc48d",
        "revCount": 162,
        "type": "git",
        "url": "ssh://git@github.com/LarsArtmann/go-branded-id"
      },
      "original": {
        "ref": "master",
        "type": "git",
        "url": "ssh://git@github.com/LarsArtmann/go-branded-id"
      }
    },
    "go-cqrs-lite": {
      "flake": false,
      "locked": {
        "lastModified": 1786426957,
        "narHash": "sha256-i1EVprQCfqNbDWX03c7Mcf/ejAhky41SXwqIZUoIXbk=",
        "ref": "master",
        "rev": "98dccf6a6eeda55b59e25fb8aff744910a80dc73",
        "revCount": 5497,
        "type": "git",
        "url": "ssh://git@github.com/LarsArtmann/go-cqrs-lite"
      },
      "original": {
        "ref": "master",
        "type": "git",
        "url": "ssh://git@github.com/LarsArtmann/go-cqrs-lite"
      }
    },
    "go-error-family": {
      "flake": false,
      "locked": {
        "lastModified": 1785912254,
        "narHash": "sha256-TLR0UeM4g1oTc447uu1sIvRyaRGmBRx0derWPB6rvds=",
        "ref": "master",
        "rev": "8baa8344715acecd3e96050ae4cf606fd9370b1b",
        "revCount": 273,
        "type": "git",
        "url": "ssh://git@github.com/LarsArtmann/go-error-family"
      },
      "original": {
        "ref": "master",
        "type": "git",
        "url": "ssh://git@github.com/LarsArtmann/go-error-family"
      }
    },
    "go-nix-helpers": {
      "inputs": {
        "flake-parts": "flake-parts_2",
        "nixpkgs": [
          "nixpkgs"
        ],
        "systems": "systems",
        "treefmt-nix": "treefmt-nix"
      },
      "locked": {
        "lastModified": 1786374450,
        "narHash": "sha256-xynqP898epL7hJQsOSPsxN+YpDBht4OAiam9fFFetrw=",
        "ref": "master",
        "rev": "0122702048ca9b063b9001be0273ae3deba6cfda",
        "revCount": 137,
        "type": "git",
        "url": "ssh://git@github.com/LarsArtmann/go-nix-helpers"
      },
      "original": {
        "ref": "master",
        "type": "git",
        "url": "ssh://git@github.com/LarsArtmann/go-nix-helpers"
      }
    },
    "nixpkgs": {
      "locked": {
        "lastModified": 1786247143,
        "narHash": "sha256-8S3Kcxs7D4UtxJxSJZz0m14CGhuW0MxfrIwJxeGWGnQ=",
        "owner": "NixOS",
        "repo": "nixpkgs",
        "rev": "279b4a8275f032c566576b3f181fa0f27197f588",
        "type": "github"
      },
      "original": {
        "owner": "NixOS",
        "ref": "nixos-unstable",
        "repo": "nixpkgs",
        "type": "github"
      }
    },
    "root": {
      "inputs": {
        "flake-parts": "flake-parts",
        "go-branded-id": "go-branded-id",
        "go-cqrs-lite": "go-cqrs-lite",
        "go-error-family": "go-error-family",
        "go-nix-helpers": "go-nix-helpers",
        "nixpkgs": "nixpkgs"
      }
    },
    "systems": {
      "locked": {
        "lastModified": 1681028828,
        "narHash": "sha256-Vy1rq5AaRuLzOxct8nz4T6wlgyUR7zLU309k9mBC768=",
        "owner": "nix-systems",
        "repo": "default",
        "rev": "da67096a3b9bf56a91d16901293e51ba5b49a27e",
        "type": "github"
      },
      "original": {
        "owner": "nix-systems",
        "repo": "default",
        "type": "github"
      }
    },
    "treefmt-nix": {
      "inputs": {
        "nixpkgs": [
          "go-nix-helpers",
          "nixpkgs"
        ]
      },
      "locked": {
        "lastModified": 1785945821,
        "narHash": "sha256-NLSyTCW4K4ofhNBllt3omPasm6QpralXH1DBZOc91Dw=",
        "owner": "numtide",
        "repo": "treefmt-nix",
        "rev": "ae7910970dddc408fe6ab1c8e4b277bb21d72dc0",
        "type": "github"
      },
      "original": {
        "owner": "numtide",
        "repo": "treefmt-nix",
        "type": "github"
      }
    }
  },
  "root": "root",
  "version": 7
}
